// !$*UTF8*$!
{
	archiveVersion = 1;
	classes = {
	};
	objectVersion = 51;
	objects = {

/* Begin PBXBuildFile section */
		61EB8D0FC688C26163220DDC /* Pods_TinkoffChat.framework in Frameworks */ = {isa = PBXBuildFile; fileRef = DF2D2A8B348872542DC29DEA /* Pods_TinkoffChat.framework */; };
		CB54A884FABA0C43A38A8DF6 /* Pods_TinkoffChatTests.framework in Frameworks */ = {isa = PBXBuildFile; fileRef = 3928634B1096E925403C5E0B /* Pods_TinkoffChatTests.framework */; };
		CD025D122407F39A00A6D502 /* ConversationListViewController.swift in Sources */ = {isa = PBXBuildFile; fileRef = CD025D112407F39A00A6D502 /* ConversationListViewController.swift */; };
		CD025D1524080AA100A6D502 /* ConversationListTableViewCell.swift in Sources */ = {isa = PBXBuildFile; fileRef = CD025D1324080AA100A6D502 /* ConversationListTableViewCell.swift */; };
		CD025D1624080AA100A6D502 /* ConversationListTableViewCell.xib in Resources */ = {isa = PBXBuildFile; fileRef = CD025D1424080AA100A6D502 /* ConversationListTableViewCell.xib */; };
		CD025D182408127000A6D502 /* ConversationCellModel.swift in Sources */ = {isa = PBXBuildFile; fileRef = CD025D172408127000A6D502 /* ConversationCellModel.swift */; };
		CD025D1B24081BB600A6D502 /* ConversationList.storyboard in Resources */ = {isa = PBXBuildFile; fileRef = CD025D1924081BB600A6D502 /* ConversationList.storyboard */; };
		CD025D242409740100A6D502 /* Conversation.storyboard in Resources */ = {isa = PBXBuildFile; fileRef = CD025D232409740100A6D502 /* Conversation.storyboard */; };
		CD025D262409742800A6D502 /* ConversationViewController.swift in Sources */ = {isa = PBXBuildFile; fileRef = CD025D252409742800A6D502 /* ConversationViewController.swift */; };
		CD025D3024098BD000A6D502 /* MessageCellModel.swift in Sources */ = {isa = PBXBuildFile; fileRef = CD025D2F24098BD000A6D502 /* MessageCellModel.swift */; };
		CD025D3224098DCB00A6D502 /* ConfigurableView.swift in Sources */ = {isa = PBXBuildFile; fileRef = CD025D3124098DCB00A6D502 /* ConfigurableView.swift */; };
		CD025D35240A82D600A6D502 /* Profile.storyboard in Resources */ = {isa = PBXBuildFile; fileRef = CD025D37240A82D600A6D502 /* Profile.storyboard */; };
		CD025D3E240BD04400A6D502 /* ConversationMessageCell.swift in Sources */ = {isa = PBXBuildFile; fileRef = CD025D3C240BD04400A6D502 /* ConversationMessageCell.swift */; };
		CD025D3F240BD04400A6D502 /* ConversationMessageCell.xib in Resources */ = {isa = PBXBuildFile; fileRef = CD025D3D240BD04400A6D502 /* ConversationMessageCell.xib */; };
		CD2304AF2423797E0069F35A /* Message.swift in Sources */ = {isa = PBXBuildFile; fileRef = CD2304AE2423797E0069F35A /* Message.swift */; };
		CD23E34A2426992400D203DD /* NewChannel.storyboard in Resources */ = {isa = PBXBuildFile; fileRef = CD23E3492426992400D203DD /* NewChannel.storyboard */; };
		CD23E34C2426995A00D203DD /* NewChannelViewController.swift in Sources */ = {isa = PBXBuildFile; fileRef = CD23E34B2426995A00D203DD /* NewChannelViewController.swift */; };
		CD2AC946244A18720066CE22 /* NetworkingProtocols.swift in Sources */ = {isa = PBXBuildFile; fileRef = CD2AC945244A18710066CE22 /* NetworkingProtocols.swift */; };
		CD2AC949244A18E70066CE22 /* DownloadParser.swift in Sources */ = {isa = PBXBuildFile; fileRef = CD2AC948244A18E70066CE22 /* DownloadParser.swift */; };
		CD2AC94B244A192F0066CE22 /* SearchParser.swift in Sources */ = {isa = PBXBuildFile; fileRef = CD2AC94A244A192F0066CE22 /* SearchParser.swift */; };
		CD2AC94D244A19D90066CE22 /* RequestSender.swift in Sources */ = {isa = PBXBuildFile; fileRef = CD2AC94C244A19D90066CE22 /* RequestSender.swift */; };
		CD2AC94F244A1A250066CE22 /* Requests.swift in Sources */ = {isa = PBXBuildFile; fileRef = CD2AC94E244A1A250066CE22 /* Requests.swift */; };
		CD2AC951244A1A8B0066CE22 /* RequestFactory.swift in Sources */ = {isa = PBXBuildFile; fileRef = CD2AC950244A1A8B0066CE22 /* RequestFactory.swift */; };
		CD2AC95A244A2FC20066CE22 /* Picture.swift in Sources */ = {isa = PBXBuildFile; fileRef = CD2AC959244A2FC20066CE22 /* Picture.swift */; };
		CD2AC95C244A2FEE0066CE22 /* PicturesModel.swift in Sources */ = {isa = PBXBuildFile; fileRef = CD2AC95B244A2FEE0066CE22 /* PicturesModel.swift */; };
		CD2AC95E244A30360066CE22 /* PicturesProtocol.swift in Sources */ = {isa = PBXBuildFile; fileRef = CD2AC95D244A30360066CE22 /* PicturesProtocol.swift */; };
		CD2AC961244A311B0066CE22 /* PictureServiceProtocols.swift in Sources */ = {isa = PBXBuildFile; fileRef = CD2AC960244A311B0066CE22 /* PictureServiceProtocols.swift */; };
		CD2AC963244A317E0066CE22 /* PicturesService.swift in Sources */ = {isa = PBXBuildFile; fileRef = CD2AC962244A317E0066CE22 /* PicturesService.swift */; };
		CD2AC989244DA6DC0066CE22 /* PictureCell.swift in Sources */ = {isa = PBXBuildFile; fileRef = CD2AC987244DA6DB0066CE22 /* PictureCell.swift */; };
		CD2AC98A244DA6DC0066CE22 /* PictureCell.xib in Resources */ = {isa = PBXBuildFile; fileRef = CD2AC988244DA6DB0066CE22 /* PictureCell.xib */; };
		CD2AC98D244DAACA0066CE22 /* PicturesViewController.swift in Sources */ = {isa = PBXBuildFile; fileRef = CD2AC98B244DAACA0066CE22 /* PicturesViewController.swift */; };
		CD36B972244DCFA80074D622 /* Pictures.storyboard in Resources */ = {isa = PBXBuildFile; fileRef = CD36B971244DCFA80074D622 /* Pictures.storyboard */; };
		CD36B974244DDF230074D622 /* ScalingImageService.swift in Sources */ = {isa = PBXBuildFile; fileRef = CD36B973244DDF230074D622 /* ScalingImageService.swift */; };
		CD3FBE34245491AC00643682 /* MyApplication.swift in Sources */ = {isa = PBXBuildFile; fileRef = CD3FBE33245491AC00643682 /* MyApplication.swift */; };
		CD3FBE372454922200643682 /* LogoSpreader.swift in Sources */ = {isa = PBXBuildFile; fileRef = CD3FBE362454922200643682 /* LogoSpreader.swift */; };
		CD3FBE40245D9C9B00643682 /* ChannelsSorter.swift in Sources */ = {isa = PBXBuildFile; fileRef = CD3FBE3F245D9C9B00643682 /* ChannelsSorter.swift */; };
		CD84F8DA240073DD00901B63 /* ProfileViewController.swift in Sources */ = {isa = PBXBuildFile; fileRef = CD84F8D9240073DD00901B63 /* ProfileViewController.swift */; };
		CD87B5E323F5C0D80014DD5B /* AppDelegate.swift in Sources */ = {isa = PBXBuildFile; fileRef = CD87B5E223F5C0D80014DD5B /* AppDelegate.swift */; };
		CD87B5ED23F5C0D80014DD5B /* TinkoffChat.xcdatamodeld in Sources */ = {isa = PBXBuildFile; fileRef = CD87B5EB23F5C0D80014DD5B /* TinkoffChat.xcdatamodeld */; };
		CD87B5EF23F5C0DB0014DD5B /* Assets.xcassets in Resources */ = {isa = PBXBuildFile; fileRef = CD87B5EE23F5C0DB0014DD5B /* Assets.xcassets */; };
		CD87B5F223F5C0DB0014DD5B /* LaunchScreen.storyboard in Resources */ = {isa = PBXBuildFile; fileRef = CD87B5F023F5C0DB0014DD5B /* LaunchScreen.storyboard */; };
		CD87B5FD23F5C0DB0014DD5B /* TinkoffChatTests.swift in Sources */ = {isa = PBXBuildFile; fileRef = CD87B5FC23F5C0DB0014DD5B /* TinkoffChatTests.swift */; };
		CD9147112441B52100BB27A1 /* GoogleService-Info.plist in Resources */ = {isa = PBXBuildFile; fileRef = CD9147102441B52000BB27A1 /* GoogleService-Info.plist */; };
		CD9147192442500F00BB27A1 /* PresentationAssembly.swift in Sources */ = {isa = PBXBuildFile; fileRef = CD9147182442500F00BB27A1 /* PresentationAssembly.swift */; };
		CD91471C24430EA100BB27A1 /* RootAssembly.swift in Sources */ = {isa = PBXBuildFile; fileRef = CD91471B24430EA100BB27A1 /* RootAssembly.swift */; };
		CD91471F24430F4200BB27A1 /* ServicesAssembly.swift in Sources */ = {isa = PBXBuildFile; fileRef = CD91471E24430F4200BB27A1 /* ServicesAssembly.swift */; };
		CD9147212443113100BB27A1 /* FRBChatService.swift in Sources */ = {isa = PBXBuildFile; fileRef = CD9147202443113100BB27A1 /* FRBChatService.swift */; };
		CD914723244312CB00BB27A1 /* FRBMessageService.swift in Sources */ = {isa = PBXBuildFile; fileRef = CD914722244312CB00BB27A1 /* FRBMessageService.swift */; };
		CD9147272443184200BB27A1 /* CoreAssembly.swift in Sources */ = {isa = PBXBuildFile; fileRef = CD9147262443184200BB27A1 /* CoreAssembly.swift */; };
		CD91472924431A7100BB27A1 /* CoreDataManager.swift in Sources */ = {isa = PBXBuildFile; fileRef = CD91472824431A7100BB27A1 /* CoreDataManager.swift */; };
		CD91472C244323DC00BB27A1 /* ProfileModel.swift in Sources */ = {isa = PBXBuildFile; fileRef = CD91472B244323DC00BB27A1 /* ProfileModel.swift */; };
		CD91472E24433E1100BB27A1 /* ConversationListModel.swift in Sources */ = {isa = PBXBuildFile; fileRef = CD91472D24433E1100BB27A1 /* ConversationListModel.swift */; };
		CD9147302443461000BB27A1 /* ConversationModel.swift in Sources */ = {isa = PBXBuildFile; fileRef = CD91472F2443461000BB27A1 /* ConversationModel.swift */; };
		CD91473224434DE500BB27A1 /* NewChannelModel.swift in Sources */ = {isa = PBXBuildFile; fileRef = CD91473124434DE500BB27A1 /* NewChannelModel.swift */; };
		CDA43079241C23E900BAA76D /* DataManagerProtocol.swift in Sources */ = {isa = PBXBuildFile; fileRef = CDA43078241C23E900BAA76D /* DataManagerProtocol.swift */; };
		CDA43083241E936A00BAA76D /* FixedOrientation.swift in Sources */ = {isa = PBXBuildFile; fileRef = CDA43082241E936A00BAA76D /* FixedOrientation.swift */; };
		CDA43163242BD57E00022A89 /* Default-568h@2x.png in Resources */ = {isa = PBXBuildFile; fileRef = CDA43162242BD57E00022A89 /* Default-568h@2x.png */; };
		CDC45479242E79FC00769637 /* CoreDataStack.swift in Sources */ = {isa = PBXBuildFile; fileRef = CDC45478242E79FC00769637 /* CoreDataStack.swift */; };
		CDC470A32422D8E10023CE3F /* Channel.swift in Sources */ = {isa = PBXBuildFile; fileRef = CDC470A22422D8E10023CE3F /* Channel.swift */; };
/* End PBXBuildFile section */

/* Begin PBXContainerItemProxy section */
		CD87B5F923F5C0DB0014DD5B /* PBXContainerItemProxy */ = {
			isa = PBXContainerItemProxy;
			containerPortal = CD87B5D723F5C0D70014DD5B /* Project object */;
			proxyType = 1;
			remoteGlobalIDString = CD87B5DE23F5C0D70014DD5B;
			remoteInfo = TinkoffChat;
		};
/* End PBXContainerItemProxy section */

/* Begin PBXFileReference section */
		3569D13F8D6DCB91BB57F867 /* Pods-TinkoffChat.debug.xcconfig */ = {isa = PBXFileReference; includeInIndex = 1; lastKnownFileType = text.xcconfig; name = "Pods-TinkoffChat.debug.xcconfig"; path = "Target Support Files/Pods-TinkoffChat/Pods-TinkoffChat.debug.xcconfig"; sourceTree = "<group>"; };
		3928634B1096E925403C5E0B /* Pods_TinkoffChatTests.framework */ = {isa = PBXFileReference; explicitFileType = wrapper.framework; includeInIndex = 0; path = Pods_TinkoffChatTests.framework; sourceTree = BUILT_PRODUCTS_DIR; };
		8B462B6A19A885C2908D56A0 /* Pods-TinkoffChatTests.debug.xcconfig */ = {isa = PBXFileReference; includeInIndex = 1; lastKnownFileType = text.xcconfig; name = "Pods-TinkoffChatTests.debug.xcconfig"; path = "Target Support Files/Pods-TinkoffChatTests/Pods-TinkoffChatTests.debug.xcconfig"; sourceTree = "<group>"; };
		CD025D112407F39A00A6D502 /* ConversationListViewController.swift */ = {isa = PBXFileReference; lastKnownFileType = sourcecode.swift; path = ConversationListViewController.swift; sourceTree = "<group>"; };
		CD025D1324080AA100A6D502 /* ConversationListTableViewCell.swift */ = {isa = PBXFileReference; lastKnownFileType = sourcecode.swift; path = ConversationListTableViewCell.swift; sourceTree = "<group>"; };
		CD025D1424080AA100A6D502 /* ConversationListTableViewCell.xib */ = {isa = PBXFileReference; lastKnownFileType = file.xib; path = ConversationListTableViewCell.xib; sourceTree = "<group>"; };
		CD025D172408127000A6D502 /* ConversationCellModel.swift */ = {isa = PBXFileReference; lastKnownFileType = sourcecode.swift; path = ConversationCellModel.swift; sourceTree = "<group>"; };
		CD025D1A24081BB600A6D502 /* Base */ = {isa = PBXFileReference; lastKnownFileType = file.storyboard; name = Base; path = TinkoffChat/Base.lproj/ConversationList.storyboard; sourceTree = "<group>"; };
		CD025D232409740100A6D502 /* Conversation.storyboard */ = {isa = PBXFileReference; lastKnownFileType = file.storyboard; path = Conversation.storyboard; sourceTree = "<group>"; };
		CD025D252409742800A6D502 /* ConversationViewController.swift */ = {isa = PBXFileReference; lastKnownFileType = sourcecode.swift; path = ConversationViewController.swift; sourceTree = "<group>"; };
		CD025D2F24098BD000A6D502 /* MessageCellModel.swift */ = {isa = PBXFileReference; lastKnownFileType = sourcecode.swift; path = MessageCellModel.swift; sourceTree = "<group>"; };
		CD025D3124098DCB00A6D502 /* ConfigurableView.swift */ = {isa = PBXFileReference; lastKnownFileType = sourcecode.swift; path = ConfigurableView.swift; sourceTree = "<group>"; };
		CD025D36240A82D600A6D502 /* Base */ = {isa = PBXFileReference; lastKnownFileType = file.storyboard; name = Base; path = Base.lproj/Profile.storyboard; sourceTree = "<group>"; };
		CD025D3C240BD04400A6D502 /* ConversationMessageCell.swift */ = {isa = PBXFileReference; lastKnownFileType = sourcecode.swift; path = ConversationMessageCell.swift; sourceTree = "<group>"; };
		CD025D3D240BD04400A6D502 /* ConversationMessageCell.xib */ = {isa = PBXFileReference; lastKnownFileType = file.xib; path = ConversationMessageCell.xib; sourceTree = "<group>"; };
		CD2304AE2423797E0069F35A /* Message.swift */ = {isa = PBXFileReference; lastKnownFileType = sourcecode.swift; path = Message.swift; sourceTree = "<group>"; };
		CD23E3492426992400D203DD /* NewChannel.storyboard */ = {isa = PBXFileReference; lastKnownFileType = file.storyboard; path = NewChannel.storyboard; sourceTree = "<group>"; };
		CD23E34B2426995A00D203DD /* NewChannelViewController.swift */ = {isa = PBXFileReference; lastKnownFileType = sourcecode.swift; path = NewChannelViewController.swift; sourceTree = "<group>"; };
		CD2AC945244A18710066CE22 /* NetworkingProtocols.swift */ = {isa = PBXFileReference; lastKnownFileType = sourcecode.swift; path = NetworkingProtocols.swift; sourceTree = "<group>"; };
		CD2AC948244A18E70066CE22 /* DownloadParser.swift */ = {isa = PBXFileReference; lastKnownFileType = sourcecode.swift; path = DownloadParser.swift; sourceTree = "<group>"; };
		CD2AC94A244A192F0066CE22 /* SearchParser.swift */ = {isa = PBXFileReference; lastKnownFileType = sourcecode.swift; path = SearchParser.swift; sourceTree = "<group>"; };
		CD2AC94C244A19D90066CE22 /* RequestSender.swift */ = {isa = PBXFileReference; lastKnownFileType = sourcecode.swift; path = RequestSender.swift; sourceTree = "<group>"; };
		CD2AC94E244A1A250066CE22 /* Requests.swift */ = {isa = PBXFileReference; lastKnownFileType = sourcecode.swift; path = Requests.swift; sourceTree = "<group>"; };
		CD2AC950244A1A8B0066CE22 /* RequestFactory.swift */ = {isa = PBXFileReference; lastKnownFileType = sourcecode.swift; path = RequestFactory.swift; sourceTree = "<group>"; };
		CD2AC959244A2FC20066CE22 /* Picture.swift */ = {isa = PBXFileReference; lastKnownFileType = sourcecode.swift; path = Picture.swift; sourceTree = "<group>"; };
		CD2AC95B244A2FEE0066CE22 /* PicturesModel.swift */ = {isa = PBXFileReference; lastKnownFileType = sourcecode.swift; path = PicturesModel.swift; sourceTree = "<group>"; };
		CD2AC95D244A30360066CE22 /* PicturesProtocol.swift */ = {isa = PBXFileReference; lastKnownFileType = sourcecode.swift; path = PicturesProtocol.swift; sourceTree = "<group>"; };
		CD2AC960244A311B0066CE22 /* PictureServiceProtocols.swift */ = {isa = PBXFileReference; lastKnownFileType = sourcecode.swift; path = PictureServiceProtocols.swift; sourceTree = "<group>"; };
		CD2AC962244A317E0066CE22 /* PicturesService.swift */ = {isa = PBXFileReference; lastKnownFileType = sourcecode.swift; path = PicturesService.swift; sourceTree = "<group>"; };
		CD2AC987244DA6DB0066CE22 /* PictureCell.swift */ = {isa = PBXFileReference; lastKnownFileType = sourcecode.swift; path = PictureCell.swift; sourceTree = "<group>"; };
		CD2AC988244DA6DB0066CE22 /* PictureCell.xib */ = {isa = PBXFileReference; lastKnownFileType = file.xib; path = PictureCell.xib; sourceTree = "<group>"; };
		CD2AC98B244DAACA0066CE22 /* PicturesViewController.swift */ = {isa = PBXFileReference; lastKnownFileType = sourcecode.swift; path = PicturesViewController.swift; sourceTree = "<group>"; };
		CD36B971244DCFA80074D622 /* Pictures.storyboard */ = {isa = PBXFileReference; lastKnownFileType = file.storyboard; path = Pictures.storyboard; sourceTree = "<group>"; };
		CD36B973244DDF230074D622 /* ScalingImageService.swift */ = {isa = PBXFileReference; lastKnownFileType = sourcecode.swift; path = ScalingImageService.swift; sourceTree = "<group>"; };
		CD3FBE33245491AC00643682 /* MyApplication.swift */ = {isa = PBXFileReference; lastKnownFileType = sourcecode.swift; path = MyApplication.swift; sourceTree = "<group>"; };
		CD3FBE362454922200643682 /* LogoSpreader.swift */ = {isa = PBXFileReference; lastKnownFileType = sourcecode.swift; path = LogoSpreader.swift; sourceTree = "<group>"; };
		CD3FBE3F245D9C9B00643682 /* ChannelsSorter.swift */ = {isa = PBXFileReference; lastKnownFileType = sourcecode.swift; path = ChannelsSorter.swift; sourceTree = "<group>"; };
		CD84F8D9240073DD00901B63 /* ProfileViewController.swift */ = {isa = PBXFileReference; lastKnownFileType = sourcecode.swift; path = ProfileViewController.swift; sourceTree = "<group>"; };
		CD87B5DF23F5C0D80014DD5B /* TinkoffChat.app */ = {isa = PBXFileReference; explicitFileType = wrapper.application; includeInIndex = 0; path = TinkoffChat.app; sourceTree = BUILT_PRODUCTS_DIR; };
		CD87B5E223F5C0D80014DD5B /* AppDelegate.swift */ = {isa = PBXFileReference; lastKnownFileType = sourcecode.swift; path = AppDelegate.swift; sourceTree = "<group>"; };
		CD87B5EC23F5C0D80014DD5B /* TinkoffChat.xcdatamodel */ = {isa = PBXFileReference; lastKnownFileType = wrapper.xcdatamodel; path = TinkoffChat.xcdatamodel; sourceTree = "<group>"; };
		CD87B5EE23F5C0DB0014DD5B /* Assets.xcassets */ = {isa = PBXFileReference; lastKnownFileType = folder.assetcatalog; path = Assets.xcassets; sourceTree = "<group>"; };
		CD87B5F123F5C0DB0014DD5B /* Base */ = {isa = PBXFileReference; lastKnownFileType = file.storyboard; name = Base; path = Base.lproj/LaunchScreen.storyboard; sourceTree = "<group>"; };
		CD87B5F323F5C0DB0014DD5B /* Info.plist */ = {isa = PBXFileReference; lastKnownFileType = text.plist.xml; path = Info.plist; sourceTree = "<group>"; };
		CD87B5F823F5C0DB0014DD5B /* TinkoffChatTests.xctest */ = {isa = PBXFileReference; explicitFileType = wrapper.cfbundle; includeInIndex = 0; path = TinkoffChatTests.xctest; sourceTree = BUILT_PRODUCTS_DIR; };
		CD87B5FC23F5C0DB0014DD5B /* TinkoffChatTests.swift */ = {isa = PBXFileReference; lastKnownFileType = sourcecode.swift; path = TinkoffChatTests.swift; sourceTree = "<group>"; };
		CD87B5FE23F5C0DB0014DD5B /* Info.plist */ = {isa = PBXFileReference; lastKnownFileType = text.plist.xml; path = Info.plist; sourceTree = "<group>"; };
		CD9147102441B52000BB27A1 /* GoogleService-Info.plist */ = {isa = PBXFileReference; lastKnownFileType = text.plist; path = "GoogleService-Info.plist"; sourceTree = SOURCE_ROOT; };
		CD9147182442500F00BB27A1 /* PresentationAssembly.swift */ = {isa = PBXFileReference; lastKnownFileType = sourcecode.swift; path = PresentationAssembly.swift; sourceTree = "<group>"; };
		CD91471B24430EA100BB27A1 /* RootAssembly.swift */ = {isa = PBXFileReference; lastKnownFileType = sourcecode.swift; path = RootAssembly.swift; sourceTree = "<group>"; };
		CD91471E24430F4200BB27A1 /* ServicesAssembly.swift */ = {isa = PBXFileReference; lastKnownFileType = sourcecode.swift; path = ServicesAssembly.swift; sourceTree = "<group>"; };
		CD9147202443113100BB27A1 /* FRBChatService.swift */ = {isa = PBXFileReference; lastKnownFileType = sourcecode.swift; path = FRBChatService.swift; sourceTree = "<group>"; };
		CD914722244312CB00BB27A1 /* FRBMessageService.swift */ = {isa = PBXFileReference; lastKnownFileType = sourcecode.swift; path = FRBMessageService.swift; sourceTree = "<group>"; };
		CD9147262443184200BB27A1 /* CoreAssembly.swift */ = {isa = PBXFileReference; lastKnownFileType = sourcecode.swift; path = CoreAssembly.swift; sourceTree = "<group>"; };
		CD91472824431A7100BB27A1 /* CoreDataManager.swift */ = {isa = PBXFileReference; lastKnownFileType = sourcecode.swift; path = CoreDataManager.swift; sourceTree = "<group>"; };
		CD91472B244323DC00BB27A1 /* ProfileModel.swift */ = {isa = PBXFileReference; lastKnownFileType = sourcecode.swift; path = ProfileModel.swift; sourceTree = "<group>"; };
		CD91472D24433E1100BB27A1 /* ConversationListModel.swift */ = {isa = PBXFileReference; lastKnownFileType = sourcecode.swift; path = ConversationListModel.swift; sourceTree = "<group>"; };
		CD91472F2443461000BB27A1 /* ConversationModel.swift */ = {isa = PBXFileReference; lastKnownFileType = sourcecode.swift; path = ConversationModel.swift; sourceTree = "<group>"; };
		CD91473124434DE500BB27A1 /* NewChannelModel.swift */ = {isa = PBXFileReference; lastKnownFileType = sourcecode.swift; path = NewChannelModel.swift; sourceTree = "<group>"; };
		CDA43078241C23E900BAA76D /* DataManagerProtocol.swift */ = {isa = PBXFileReference; lastKnownFileType = sourcecode.swift; path = DataManagerProtocol.swift; sourceTree = "<group>"; };
		CDA43082241E936A00BAA76D /* FixedOrientation.swift */ = {isa = PBXFileReference; lastKnownFileType = sourcecode.swift; path = FixedOrientation.swift; sourceTree = "<group>"; };
		CDA43162242BD57E00022A89 /* Default-568h@2x.png */ = {isa = PBXFileReference; lastKnownFileType = image.png; path = "Default-568h@2x.png"; sourceTree = "<group>"; };
		CDC45478242E79FC00769637 /* CoreDataStack.swift */ = {isa = PBXFileReference; lastKnownFileType = sourcecode.swift; path = CoreDataStack.swift; sourceTree = "<group>"; };
		CDC470A22422D8E10023CE3F /* Channel.swift */ = {isa = PBXFileReference; lastKnownFileType = sourcecode.swift; path = Channel.swift; sourceTree = "<group>"; };
		D73B0B6EDFD954464465B911 /* Pods-TinkoffChat.release.xcconfig */ = {isa = PBXFileReference; includeInIndex = 1; lastKnownFileType = text.xcconfig; name = "Pods-TinkoffChat.release.xcconfig"; path = "Target Support Files/Pods-TinkoffChat/Pods-TinkoffChat.release.xcconfig"; sourceTree = "<group>"; };
		DAFB9322580DC751F8297195 /* Pods-TinkoffChatTests.release.xcconfig */ = {isa = PBXFileReference; includeInIndex = 1; lastKnownFileType = text.xcconfig; name = "Pods-TinkoffChatTests.release.xcconfig"; path = "Target Support Files/Pods-TinkoffChatTests/Pods-TinkoffChatTests.release.xcconfig"; sourceTree = "<group>"; };
		DF2D2A8B348872542DC29DEA /* Pods_TinkoffChat.framework */ = {isa = PBXFileReference; explicitFileType = wrapper.framework; includeInIndex = 0; path = Pods_TinkoffChat.framework; sourceTree = BUILT_PRODUCTS_DIR; };
/* End PBXFileReference section */

/* Begin PBXFrameworksBuildPhase section */
		CD87B5DC23F5C0D70014DD5B /* Frameworks */ = {
			isa = PBXFrameworksBuildPhase;
			buildActionMask = 2147483647;
			files = (
				61EB8D0FC688C26163220DDC /* Pods_TinkoffChat.framework in Frameworks */,
			);
			runOnlyForDeploymentPostprocessing = 0;
		};
		CD87B5F523F5C0DB0014DD5B /* Frameworks */ = {
			isa = PBXFrameworksBuildPhase;
			buildActionMask = 2147483647;
			files = (
				CB54A884FABA0C43A38A8DF6 /* Pods_TinkoffChatTests.framework in Frameworks */,
			);
			runOnlyForDeploymentPostprocessing = 0;
		};
/* End PBXFrameworksBuildPhase section */

/* Begin PBXGroup section */
		65B7587BFEF70CDB6412CF0C /* Frameworks */ = {
			isa = PBXGroup;
			children = (
				DF2D2A8B348872542DC29DEA /* Pods_TinkoffChat.framework */,
				3928634B1096E925403C5E0B /* Pods_TinkoffChatTests.framework */,
			);
			name = Frameworks;
			sourceTree = "<group>";
		};
		B4E7FD3E7D381125589F8C18 /* Pods */ = {
			isa = PBXGroup;
			children = (
				3569D13F8D6DCB91BB57F867 /* Pods-TinkoffChat.debug.xcconfig */,
				D73B0B6EDFD954464465B911 /* Pods-TinkoffChat.release.xcconfig */,
				8B462B6A19A885C2908D56A0 /* Pods-TinkoffChatTests.debug.xcconfig */,
				DAFB9322580DC751F8297195 /* Pods-TinkoffChatTests.release.xcconfig */,
			);
			path = Pods;
			sourceTree = "<group>";
		};
		CD025D1E24081CEE00A6D502 /* ConversationList */ = {
			isa = PBXGroup;
			children = (
				CD025D1924081BB600A6D502 /* ConversationList.storyboard */,
				CD025D112407F39A00A6D502 /* ConversationListViewController.swift */,
				CD025D1324080AA100A6D502 /* ConversationListTableViewCell.swift */,
				CD025D1424080AA100A6D502 /* ConversationListTableViewCell.xib */,
				CD91472D24433E1100BB27A1 /* ConversationListModel.swift */,
			);
			path = ConversationList;
			sourceTree = "<group>";
		};
		CD025D1F24081D0C00A6D502 /* Profile */ = {
			isa = PBXGroup;
			children = (
				CD025D37240A82D600A6D502 /* Profile.storyboard */,
				CD84F8D9240073DD00901B63 /* ProfileViewController.swift */,
				CD91472B244323DC00BB27A1 /* ProfileModel.swift */,
			);
			path = Profile;
			sourceTree = "<group>";
		};
		CD025D2024081D3900A6D502 /* Conversation */ = {
			isa = PBXGroup;
			children = (
				CD025D232409740100A6D502 /* Conversation.storyboard */,
				CD025D252409742800A6D502 /* ConversationViewController.swift */,
				CD025D3C240BD04400A6D502 /* ConversationMessageCell.swift */,
				CD025D3D240BD04400A6D502 /* ConversationMessageCell.xib */,
				CD91472F2443461000BB27A1 /* ConversationModel.swift */,
			);
			path = Conversation;
			sourceTree = "<group>";
		};
		CD23E348242698C500D203DD /* NewChannel */ = {
			isa = PBXGroup;
			children = (
				CD23E3492426992400D203DD /* NewChannel.storyboard */,
				CD23E34B2426995A00D203DD /* NewChannelViewController.swift */,
				CD91473124434DE500BB27A1 /* NewChannelModel.swift */,
			);
			path = NewChannel;
			sourceTree = "<group>";
		};
		CD2AC944244A18510066CE22 /* Networking */ = {
			isa = PBXGroup;
			children = (
				CD2AC947244A18C20066CE22 /* Parsers */,
				CD2AC945244A18710066CE22 /* NetworkingProtocols.swift */,
				CD2AC94C244A19D90066CE22 /* RequestSender.swift */,
				CD2AC94E244A1A250066CE22 /* Requests.swift */,
				CD2AC950244A1A8B0066CE22 /* RequestFactory.swift */,
			);
			path = Networking;
			sourceTree = "<group>";
		};
		CD2AC947244A18C20066CE22 /* Parsers */ = {
			isa = PBXGroup;
			children = (
				CD2AC948244A18E70066CE22 /* DownloadParser.swift */,
				CD2AC94A244A192F0066CE22 /* SearchParser.swift */,
			);
			path = Parsers;
			sourceTree = "<group>";
		};
		CD2AC952244A2E450066CE22 /* Pictures */ = {
			isa = PBXGroup;
			children = (
				CD2AC959244A2FC20066CE22 /* Picture.swift */,
				CD2AC95B244A2FEE0066CE22 /* PicturesModel.swift */,
				CD2AC95D244A30360066CE22 /* PicturesProtocol.swift */,
				CD2AC987244DA6DB0066CE22 /* PictureCell.swift */,
				CD2AC988244DA6DB0066CE22 /* PictureCell.xib */,
				CD2AC98B244DAACA0066CE22 /* PicturesViewController.swift */,
				CD36B971244DCFA80074D622 /* Pictures.storyboard */,
			);
			path = Pictures;
			sourceTree = "<group>";
		};
		CD2AC95F244A30FF0066CE22 /* Pictures */ = {
			isa = PBXGroup;
			children = (
				CD2AC960244A311B0066CE22 /* PictureServiceProtocols.swift */,
				CD2AC962244A317E0066CE22 /* PicturesService.swift */,
				CD36B973244DDF230074D622 /* ScalingImageService.swift */,
			);
			path = Pictures;
			sourceTree = "<group>";
		};
		CD3FBE322454917E00643682 /* Application */ = {
			isa = PBXGroup;
			children = (
				CD87B5E223F5C0D80014DD5B /* AppDelegate.swift */,
				CD91471B24430EA100BB27A1 /* RootAssembly.swift */,
				CD9147262443184200BB27A1 /* CoreAssembly.swift */,
				CD3FBE33245491AC00643682 /* MyApplication.swift */,
			);
			path = Application;
			sourceTree = "<group>";
		};
		CD3FBE35245491EA00643682 /* Animation */ = {
			isa = PBXGroup;
			children = (
				CD3FBE362454922200643682 /* LogoSpreader.swift */,
			);
			path = Animation;
			sourceTree = "<group>";
		};
		CD3FBE3E245D9C7400643682 /* ChannelsSorter */ = {
			isa = PBXGroup;
			children = (
				CD3FBE3F245D9C9B00643682 /* ChannelsSorter.swift */,
			);
			path = ChannelsSorter;
			sourceTree = "<group>";
		};
		CD87B5D623F5C0D70014DD5B = {
			isa = PBXGroup;
			children = (
				CDA43162242BD57E00022A89 /* Default-568h@2x.png */,
				CD87B5E123F5C0D80014DD5B /* TinkoffChat */,
				CD87B5FB23F5C0DB0014DD5B /* TinkoffChatTests */,
				CD87B5E023F5C0D80014DD5B /* Products */,
				B4E7FD3E7D381125589F8C18 /* Pods */,
				65B7587BFEF70CDB6412CF0C /* Frameworks */,
			);
			sourceTree = "<group>";
		};
		CD87B5E023F5C0D80014DD5B /* Products */ = {
			isa = PBXGroup;
			children = (
				CD87B5DF23F5C0D80014DD5B /* TinkoffChat.app */,
				CD87B5F823F5C0DB0014DD5B /* TinkoffChatTests.xctest */,
			);
			name = Products;
			sourceTree = "<group>";
		};
		CD87B5E123F5C0D80014DD5B /* TinkoffChat */ = {
			isa = PBXGroup;
			children = (
				CDA431532427F21D00022A89 /* 1. PresentationLayer */,
				CDA431542427F22800022A89 /* 2. ServiceLayer */,
				CD91471A24430E6500BB27A1 /* 3. CoreLayer */,
				CD9147102441B52000BB27A1 /* GoogleService-Info.plist */,
				CD87B5F323F5C0DB0014DD5B /* Info.plist */,
				CD87B5EE23F5C0DB0014DD5B /* Assets.xcassets */,
				CD87B5F023F5C0DB0014DD5B /* LaunchScreen.storyboard */,
				CD87B5EB23F5C0D80014DD5B /* TinkoffChat.xcdatamodeld */,
			);
			path = TinkoffChat;
			sourceTree = "<group>";
		};
		CD87B5FB23F5C0DB0014DD5B /* TinkoffChatTests */ = {
			isa = PBXGroup;
			children = (
				CD87B5FC23F5C0DB0014DD5B /* TinkoffChatTests.swift */,
				CD87B5FE23F5C0DB0014DD5B /* Info.plist */,
			);
			path = TinkoffChatTests;
			sourceTree = "<group>";
		};
		CD91471724424FDA00BB27A1 /* Assembly */ = {
			isa = PBXGroup;
			children = (
				CD9147182442500F00BB27A1 /* PresentationAssembly.swift */,
			);
			path = Assembly;
			sourceTree = "<group>";
		};
		CD91471A24430E6500BB27A1 /* 3. CoreLayer */ = {
			isa = PBXGroup;
			children = (
				CD3FBE322454917E00643682 /* Application */,
				CD2AC944244A18510066CE22 /* Networking */,
			);
			path = "3. CoreLayer";
			sourceTree = "<group>";
		};
		CD91471D24430F1300BB27A1 /* Assembly */ = {
			isa = PBXGroup;
			children = (
				CD91471E24430F4200BB27A1 /* ServicesAssembly.swift */,
			);
			path = Assembly;
			sourceTree = "<group>";
		};
		CD91472A2443236C00BB27A1 /* Modules */ = {
			isa = PBXGroup;
			children = (
				CD2AC952244A2E450066CE22 /* Pictures */,
				CD025D1F24081D0C00A6D502 /* Profile */,
				CD025D1E24081CEE00A6D502 /* ConversationList */,
				CD23E348242698C500D203DD /* NewChannel */,
				CD025D2024081D3900A6D502 /* Conversation */,
			);
			path = Modules;
			sourceTree = "<group>";
		};
		CDA431532427F21D00022A89 /* 1. PresentationLayer */ = {
			isa = PBXGroup;
			children = (
				CD3FBE35245491EA00643682 /* Animation */,
				CD91471724424FDA00BB27A1 /* Assembly */,
				CD91472A2443236C00BB27A1 /* Modules */,
			);
			path = "1. PresentationLayer";
			sourceTree = "<group>";
		};
		CDA431542427F22800022A89 /* 2. ServiceLayer */ = {
			isa = PBXGroup;
			children = (
				CD3FBE3E245D9C7400643682 /* ChannelsSorter */,
				CD2AC95F244A30FF0066CE22 /* Pictures */,
				CD91471D24430F1300BB27A1 /* Assembly */,
				CDC45475242E78C700769637 /* CoreData */,
				CDA43160242BD50A00022A89 /* Display */,
				CDA4315F242BD4A300022A89 /* Models */,
				CDA4315C242BD3D600022A89 /* DataManager */,
				CDA4315B242BD36A00022A89 /* Firebase */,
			);
			path = "2. ServiceLayer";
			sourceTree = "<group>";
		};
		CDA4315B242BD36A00022A89 /* Firebase */ = {
			isa = PBXGroup;
			children = (
				CD9147202443113100BB27A1 /* FRBChatService.swift */,
				CD914722244312CB00BB27A1 /* FRBMessageService.swift */,
			);
			path = Firebase;
			sourceTree = "<group>";
		};
		CDA4315C242BD3D600022A89 /* DataManager */ = {
			isa = PBXGroup;
			children = (
				CDA43078241C23E900BAA76D /* DataManagerProtocol.swift */,
			);
			path = DataManager;
			sourceTree = "<group>";
		};
		CDA4315F242BD4A300022A89 /* Models */ = {
			isa = PBXGroup;
			children = (
				CD025D172408127000A6D502 /* ConversationCellModel.swift */,
				CD025D2F24098BD000A6D502 /* MessageCellModel.swift */,
				CD2304AE2423797E0069F35A /* Message.swift */,
				CDC470A22422D8E10023CE3F /* Channel.swift */,
			);
			path = Models;
			sourceTree = "<group>";
		};
		CDA43160242BD50A00022A89 /* Display */ = {
			isa = PBXGroup;
			children = (
				CDA43082241E936A00BAA76D /* FixedOrientation.swift */,
				CD025D3124098DCB00A6D502 /* ConfigurableView.swift */,
			);
			path = Display;
			sourceTree = "<group>";
		};
		CDC45475242E78C700769637 /* CoreData */ = {
			isa = PBXGroup;
			children = (
				CDC45478242E79FC00769637 /* CoreDataStack.swift */,
				CD91472824431A7100BB27A1 /* CoreDataManager.swift */,
			);
			path = CoreData;
			sourceTree = "<group>";
		};
/* End PBXGroup section */

/* Begin PBXNativeTarget section */
		CD87B5DE23F5C0D70014DD5B /* TinkoffChat */ = {
			isa = PBXNativeTarget;
			buildConfigurationList = CD87B60123F5C0DB0014DD5B /* Build configuration list for PBXNativeTarget "TinkoffChat" */;
			buildPhases = (
				E7DFBCB43164AE37B32A9AEB /* [CP] Check Pods Manifest.lock */,
				CD87B5DB23F5C0D70014DD5B /* Sources */,
				CD87B5DC23F5C0D70014DD5B /* Frameworks */,
				CD87B5DD23F5C0D70014DD5B /* Resources */,
				7C747B76C493A52F6B839344 /* [CP] Embed Pods Frameworks */,
			);
			buildRules = (
			);
			dependencies = (
			);
			name = TinkoffChat;
			productName = TinkoffChat;
			productReference = CD87B5DF23F5C0D80014DD5B /* TinkoffChat.app */;
			productType = "com.apple.product-type.application";
		};
		CD87B5F723F5C0DB0014DD5B /* TinkoffChatTests */ = {
			isa = PBXNativeTarget;
			buildConfigurationList = CD87B60423F5C0DB0014DD5B /* Build configuration list for PBXNativeTarget "TinkoffChatTests" */;
			buildPhases = (
				CF2CEC971C92AC07B5B774C0 /* [CP] Check Pods Manifest.lock */,
				CD87B5F423F5C0DB0014DD5B /* Sources */,
				CD87B5F523F5C0DB0014DD5B /* Frameworks */,
				CD87B5F623F5C0DB0014DD5B /* Resources */,
			);
			buildRules = (
			);
			dependencies = (
				CD87B5FA23F5C0DB0014DD5B /* PBXTargetDependency */,
			);
			name = TinkoffChatTests;
			productName = TinkoffChatTests;
			productReference = CD87B5F823F5C0DB0014DD5B /* TinkoffChatTests.xctest */;
			productType = "com.apple.product-type.bundle.unit-test";
		};
/* End PBXNativeTarget section */

/* Begin PBXProject section */
		CD87B5D723F5C0D70014DD5B /* Project object */ = {
			isa = PBXProject;
			attributes = {
				LastSwiftUpdateCheck = 1120;
				LastUpgradeCheck = 1120;
				ORGANIZATIONNAME = "Элла Чурсина";
				TargetAttributes = {
					CD87B5DE23F5C0D70014DD5B = {
						CreatedOnToolsVersion = 11.2.1;
					};
					CD87B5F723F5C0DB0014DD5B = {
						CreatedOnToolsVersion = 11.2.1;
						TestTargetID = CD87B5DE23F5C0D70014DD5B;
					};
				};
			};
			buildConfigurationList = CD87B5DA23F5C0D70014DD5B /* Build configuration list for PBXProject "TinkoffChat" */;
			compatibilityVersion = "Xcode 9.3";
			developmentRegion = en;
			hasScannedForEncodings = 0;
			knownRegions = (
				en,
				Base,
			);
			mainGroup = CD87B5D623F5C0D70014DD5B;
			productRefGroup = CD87B5E023F5C0D80014DD5B /* Products */;
			projectDirPath = "";
			projectRoot = "";
			targets = (
				CD87B5DE23F5C0D70014DD5B /* TinkoffChat */,
				CD87B5F723F5C0DB0014DD5B /* TinkoffChatTests */,
			);
		};
/* End PBXProject section */

/* Begin PBXResourcesBuildPhase section */
		CD87B5DD23F5C0D70014DD5B /* Resources */ = {
			isa = PBXResourcesBuildPhase;
			buildActionMask = 2147483647;
			files = (
				CD025D35240A82D600A6D502 /* Profile.storyboard in Resources */,
				CD36B972244DCFA80074D622 /* Pictures.storyboard in Resources */,
				CD23E34A2426992400D203DD /* NewChannel.storyboard in Resources */,
				CDA43163242BD57E00022A89 /* Default-568h@2x.png in Resources */,
				CD025D1B24081BB600A6D502 /* ConversationList.storyboard in Resources */,
				CD025D1624080AA100A6D502 /* ConversationListTableViewCell.xib in Resources */,
				CD025D242409740100A6D502 /* Conversation.storyboard in Resources */,
				CD87B5F223F5C0DB0014DD5B /* LaunchScreen.storyboard in Resources */,
				CD2AC98A244DA6DC0066CE22 /* PictureCell.xib in Resources */,
				CD9147112441B52100BB27A1 /* GoogleService-Info.plist in Resources */,
				CD025D3F240BD04400A6D502 /* ConversationMessageCell.xib in Resources */,
				CD87B5EF23F5C0DB0014DD5B /* Assets.xcassets in Resources */,
			);
			runOnlyForDeploymentPostprocessing = 0;
		};
		CD87B5F623F5C0DB0014DD5B /* Resources */ = {
			isa = PBXResourcesBuildPhase;
			buildActionMask = 2147483647;
			files = (
			);
			runOnlyForDeploymentPostprocessing = 0;
		};
/* End PBXResourcesBuildPhase section */

/* Begin PBXShellScriptBuildPhase section */
		7C747B76C493A52F6B839344 /* [CP] Embed Pods Frameworks */ = {
			isa = PBXShellScriptBuildPhase;
			buildActionMask = 2147483647;
			files = (
			);
			inputFileListPaths = (
				"${PODS_ROOT}/Target Support Files/Pods-TinkoffChat/Pods-TinkoffChat-frameworks-${CONFIGURATION}-input-files.xcfilelist",
			);
			name = "[CP] Embed Pods Frameworks";
			outputFileListPaths = (
				"${PODS_ROOT}/Target Support Files/Pods-TinkoffChat/Pods-TinkoffChat-frameworks-${CONFIGURATION}-output-files.xcfilelist",
			);
			runOnlyForDeploymentPostprocessing = 0;
			shellPath = /bin/sh;
			shellScript = "\"${PODS_ROOT}/Target Support Files/Pods-TinkoffChat/Pods-TinkoffChat-frameworks.sh\"\n";
			showEnvVarsInLog = 0;
		};
		CF2CEC971C92AC07B5B774C0 /* [CP] Check Pods Manifest.lock */ = {
			isa = PBXShellScriptBuildPhase;
			buildActionMask = 2147483647;
			files = (
			);
			inputFileListPaths = (
			);
			inputPaths = (
				"${PODS_PODFILE_DIR_PATH}/Podfile.lock",
				"${PODS_ROOT}/Manifest.lock",
			);
			name = "[CP] Check Pods Manifest.lock";
			outputFileListPaths = (
			);
			outputPaths = (
				"$(DERIVED_FILE_DIR)/Pods-TinkoffChatTests-checkManifestLockResult.txt",
			);
			runOnlyForDeploymentPostprocessing = 0;
			shellPath = /bin/sh;
			shellScript = "diff \"${PODS_PODFILE_DIR_PATH}/Podfile.lock\" \"${PODS_ROOT}/Manifest.lock\" > /dev/null\nif [ $? != 0 ] ; then\n    # print error to STDERR\n    echo \"error: The sandbox is not in sync with the Podfile.lock. Run 'pod install' or update your CocoaPods installation.\" >&2\n    exit 1\nfi\n# This output is used by Xcode 'outputs' to avoid re-running this script phase.\necho \"SUCCESS\" > \"${SCRIPT_OUTPUT_FILE_0}\"\n";
			showEnvVarsInLog = 0;
		};
		E7DFBCB43164AE37B32A9AEB /* [CP] Check Pods Manifest.lock */ = {
			isa = PBXShellScriptBuildPhase;
			buildActionMask = 2147483647;
			files = (
			);
			inputFileListPaths = (
			);
			inputPaths = (
				"${PODS_PODFILE_DIR_PATH}/Podfile.lock",
				"${PODS_ROOT}/Manifest.lock",
			);
			name = "[CP] Check Pods Manifest.lock";
			outputFileListPaths = (
			);
			outputPaths = (
				"$(DERIVED_FILE_DIR)/Pods-TinkoffChat-checkManifestLockResult.txt",
			);
			runOnlyForDeploymentPostprocessing = 0;
			shellPath = /bin/sh;
			shellScript = "diff \"${PODS_PODFILE_DIR_PATH}/Podfile.lock\" \"${PODS_ROOT}/Manifest.lock\" > /dev/null\nif [ $? != 0 ] ; then\n    # print error to STDERR\n    echo \"error: The sandbox is not in sync with the Podfile.lock. Run 'pod install' or update your CocoaPods installation.\" >&2\n    exit 1\nfi\n# This output is used by Xcode 'outputs' to avoid re-running this script phase.\necho \"SUCCESS\" > \"${SCRIPT_OUTPUT_FILE_0}\"\n";
			showEnvVarsInLog = 0;
		};
/* End PBXShellScriptBuildPhase section */

/* Begin PBXSourcesBuildPhase section */
		CD87B5DB23F5C0D70014DD5B /* Sources */ = {
			isa = PBXSourcesBuildPhase;
			buildActionMask = 2147483647;
			files = (
				CD2AC95A244A2FC20066CE22 /* Picture.swift in Sources */,
				CD2AC951244A1A8B0066CE22 /* RequestFactory.swift in Sources */,
				CD2AC94D244A19D90066CE22 /* RequestSender.swift in Sources */,
				CD025D1524080AA100A6D502 /* ConversationListTableViewCell.swift in Sources */,
				CD2AC95E244A30360066CE22 /* PicturesProtocol.swift in Sources */,
				CD2AC946244A18720066CE22 /* NetworkingProtocols.swift in Sources */,
				CDC470A32422D8E10023CE3F /* Channel.swift in Sources */,
				CD91472E24433E1100BB27A1 /* ConversationListModel.swift in Sources */,
				CD2AC963244A317E0066CE22 /* PicturesService.swift in Sources */,
				CD2AC95C244A2FEE0066CE22 /* PicturesModel.swift in Sources */,
				CD2AC94F244A1A250066CE22 /* Requests.swift in Sources */,
				CDA43079241C23E900BAA76D /* DataManagerProtocol.swift in Sources */,
				CD91473224434DE500BB27A1 /* NewChannelModel.swift in Sources */,
				CD9147192442500F00BB27A1 /* PresentationAssembly.swift in Sources */,
				CD3FBE40245D9C9B00643682 /* ChannelsSorter.swift in Sources */,
				CD91471C24430EA100BB27A1 /* RootAssembly.swift in Sources */,
				CD025D3024098BD000A6D502 /* MessageCellModel.swift in Sources */,
				CD87B5ED23F5C0D80014DD5B /* TinkoffChat.xcdatamodeld in Sources */,
				CD914723244312CB00BB27A1 /* FRBMessageService.swift in Sources */,
				CD2304AF2423797E0069F35A /* Message.swift in Sources */,
				CD025D262409742800A6D502 /* ConversationViewController.swift in Sources */,
				CD84F8DA240073DD00901B63 /* ProfileViewController.swift in Sources */,
				CD91471F24430F4200BB27A1 /* ServicesAssembly.swift in Sources */,
				CD9147302443461000BB27A1 /* ConversationModel.swift in Sources */,
				CD91472C244323DC00BB27A1 /* ProfileModel.swift in Sources */,
				CD3FBE372454922200643682 /* LogoSpreader.swift in Sources */,
				CD23E34C2426995A00D203DD /* NewChannelViewController.swift in Sources */,
				CD025D122407F39A00A6D502 /* ConversationListViewController.swift in Sources */,
				CD025D3E240BD04400A6D502 /* ConversationMessageCell.swift in Sources */,
				CD2AC94B244A192F0066CE22 /* SearchParser.swift in Sources */,
				CD3FBE34245491AC00643682 /* MyApplication.swift in Sources */,
				CD2AC961244A311B0066CE22 /* PictureServiceProtocols.swift in Sources */,
				CD36B974244DDF230074D622 /* ScalingImageService.swift in Sources */,
				CD025D3224098DCB00A6D502 /* ConfigurableView.swift in Sources */,
				CD9147212443113100BB27A1 /* FRBChatService.swift in Sources */,
				CD87B5E323F5C0D80014DD5B /* AppDelegate.swift in Sources */,
				CD2AC989244DA6DC0066CE22 /* PictureCell.swift in Sources */,
				CDC45479242E79FC00769637 /* CoreDataStack.swift in Sources */,
				CD2AC949244A18E70066CE22 /* DownloadParser.swift in Sources */,
				CD91472924431A7100BB27A1 /* CoreDataManager.swift in Sources */,
				CD025D182408127000A6D502 /* ConversationCellModel.swift in Sources */,
				CD2AC98D244DAACA0066CE22 /* PicturesViewController.swift in Sources */,
				CD9147272443184200BB27A1 /* CoreAssembly.swift in Sources */,
				CDA43083241E936A00BAA76D /* FixedOrientation.swift in Sources */,
			);
			runOnlyForDeploymentPostprocessing = 0;
		};
		CD87B5F423F5C0DB0014DD5B /* Sources */ = {
			isa = PBXSourcesBuildPhase;
			buildActionMask = 2147483647;
			files = (
				CD87B5FD23F5C0DB0014DD5B /* TinkoffChatTests.swift in Sources */,
			);
			runOnlyForDeploymentPostprocessing = 0;
		};
/* End PBXSourcesBuildPhase section */

/* Begin PBXTargetDependency section */
		CD87B5FA23F5C0DB0014DD5B /* PBXTargetDependency */ = {
			isa = PBXTargetDependency;
			target = CD87B5DE23F5C0D70014DD5B /* TinkoffChat */;
			targetProxy = CD87B5F923F5C0DB0014DD5B /* PBXContainerItemProxy */;
		};
/* End PBXTargetDependency section */

/* Begin PBXVariantGroup section */
		CD025D1924081BB600A6D502 /* ConversationList.storyboard */ = {
			isa = PBXVariantGroup;
			children = (
				CD025D1A24081BB600A6D502 /* Base */,
			);
			name = ConversationList.storyboard;
			sourceTree = "<group>";
		};
		CD025D37240A82D600A6D502 /* Profile.storyboard */ = {
			isa = PBXVariantGroup;
			children = (
				CD025D36240A82D600A6D502 /* Base */,
			);
			name = Profile.storyboard;
			sourceTree = "<group>";
		};
		CD87B5F023F5C0DB0014DD5B /* LaunchScreen.storyboard */ = {
			isa = PBXVariantGroup;
			children = (
				CD87B5F123F5C0DB0014DD5B /* Base */,
			);
			name = LaunchScreen.storyboard;
			sourceTree = "<group>";
		};
/* End PBXVariantGroup section */

/* Begin XCBuildConfiguration section */
		CD87B5FF23F5C0DB0014DD5B /* Debug */ = {
			isa = XCBuildConfiguration;
			buildSettings = {
				ALWAYS_SEARCH_USER_PATHS = NO;
				CLANG_ANALYZER_NONNULL = YES;
				CLANG_ANALYZER_NUMBER_OBJECT_CONVERSION = YES_AGGRESSIVE;
				CLANG_CXX_LANGUAGE_STANDARD = "gnu++14";
				CLANG_CXX_LIBRARY = "libc++";
				CLANG_ENABLE_MODULES = YES;
				CLANG_ENABLE_OBJC_ARC = YES;
				CLANG_ENABLE_OBJC_WEAK = YES;
				CLANG_WARN_BLOCK_CAPTURE_AUTORELEASING = YES;
				CLANG_WARN_BOOL_CONVERSION = YES;
				CLANG_WARN_COMMA = YES;
				CLANG_WARN_CONSTANT_CONVERSION = YES;
				CLANG_WARN_DEPRECATED_OBJC_IMPLEMENTATIONS = YES;
				CLANG_WARN_DIRECT_OBJC_ISA_USAGE = YES_ERROR;
				CLANG_WARN_DOCUMENTATION_COMMENTS = YES;
				CLANG_WARN_EMPTY_BODY = YES;
				CLANG_WARN_ENUM_CONVERSION = YES;
				CLANG_WARN_INFINITE_RECURSION = YES;
				CLANG_WARN_INT_CONVERSION = YES;
				CLANG_WARN_NON_LITERAL_NULL_CONVERSION = YES;
				CLANG_WARN_OBJC_IMPLICIT_RETAIN_SELF = YES;
				CLANG_WARN_OBJC_LITERAL_CONVERSION = YES;
				CLANG_WARN_OBJC_ROOT_CLASS = YES_ERROR;
				CLANG_WARN_RANGE_LOOP_ANALYSIS = YES;
				CLANG_WARN_STRICT_PROTOTYPES = YES;
				CLANG_WARN_SUSPICIOUS_MOVE = YES;
				CLANG_WARN_UNGUARDED_AVAILABILITY = YES_AGGRESSIVE;
				CLANG_WARN_UNREACHABLE_CODE = YES;
				CLANG_WARN__DUPLICATE_METHOD_MATCH = YES;
				COPY_PHASE_STRIP = NO;
				DEBUG_INFORMATION_FORMAT = dwarf;
				ENABLE_STRICT_OBJC_MSGSEND = YES;
				ENABLE_TESTABILITY = YES;
				GCC_C_LANGUAGE_STANDARD = gnu11;
				GCC_DYNAMIC_NO_PIC = NO;
				GCC_NO_COMMON_BLOCKS = YES;
				GCC_OPTIMIZATION_LEVEL = 0;
				GCC_PREPROCESSOR_DEFINITIONS = (
					"DEBUG=1",
					"$(inherited)",
				);
				GCC_WARN_64_TO_32_BIT_CONVERSION = YES;
				GCC_WARN_ABOUT_RETURN_TYPE = YES_ERROR;
				GCC_WARN_UNDECLARED_SELECTOR = YES;
				GCC_WARN_UNINITIALIZED_AUTOS = YES_AGGRESSIVE;
				GCC_WARN_UNUSED_FUNCTION = YES;
				GCC_WARN_UNUSED_VARIABLE = YES;
				IPHONEOS_DEPLOYMENT_TARGET = 13.2;
				MTL_ENABLE_DEBUG_INFO = INCLUDE_SOURCE;
				MTL_FAST_MATH = YES;
				ONLY_ACTIVE_ARCH = YES;
				SDKROOT = iphoneos;
				SWIFT_ACTIVE_COMPILATION_CONDITIONS = DEBUG;
				SWIFT_OPTIMIZATION_LEVEL = "-Onone";
			};
			name = Debug;
		};
		CD87B60023F5C0DB0014DD5B /* Release */ = {
			isa = XCBuildConfiguration;
			buildSettings = {
				ALWAYS_SEARCH_USER_PATHS = NO;
				CLANG_ANALYZER_NONNULL = YES;
				CLANG_ANALYZER_NUMBER_OBJECT_CONVERSION = YES_AGGRESSIVE;
				CLANG_CXX_LANGUAGE_STANDARD = "gnu++14";
				CLANG_CXX_LIBRARY = "libc++";
				CLANG_ENABLE_MODULES = YES;
				CLANG_ENABLE_OBJC_ARC = YES;
				CLANG_ENABLE_OBJC_WEAK = YES;
				CLANG_WARN_BLOCK_CAPTURE_AUTORELEASING = YES;
				CLANG_WARN_BOOL_CONVERSION = YES;
				CLANG_WARN_COMMA = YES;
				CLANG_WARN_CONSTANT_CONVERSION = YES;
				CLANG_WARN_DEPRECATED_OBJC_IMPLEMENTATIONS = YES;
				CLANG_WARN_DIRECT_OBJC_ISA_USAGE = YES_ERROR;
				CLANG_WARN_DOCUMENTATION_COMMENTS = YES;
				CLANG_WARN_EMPTY_BODY = YES;
				CLANG_WARN_ENUM_CONVERSION = YES;
				CLANG_WARN_INFINITE_RECURSION = YES;
				CLANG_WARN_INT_CONVERSION = YES;
				CLANG_WARN_NON_LITERAL_NULL_CONVERSION = YES;
				CLANG_WARN_OBJC_IMPLICIT_RETAIN_SELF = YES;
				CLANG_WARN_OBJC_LITERAL_CONVERSION = YES;
				CLANG_WARN_OBJC_ROOT_CLASS = YES_ERROR;
				CLANG_WARN_RANGE_LOOP_ANALYSIS = YES;
				CLANG_WARN_STRICT_PROTOTYPES = YES;
				CLANG_WARN_SUSPICIOUS_MOVE = YES;
				CLANG_WARN_UNGUARDED_AVAILABILITY = YES_AGGRESSIVE;
				CLANG_WARN_UNREACHABLE_CODE = YES;
				CLANG_WARN__DUPLICATE_METHOD_MATCH = YES;
				COPY_PHASE_STRIP = NO;
				DEBUG_INFORMATION_FORMAT = "dwarf-with-dsym";
				ENABLE_NS_ASSERTIONS = NO;
				ENABLE_STRICT_OBJC_MSGSEND = YES;
				GCC_C_LANGUAGE_STANDARD = gnu11;
				GCC_NO_COMMON_BLOCKS = YES;
				GCC_WARN_64_TO_32_BIT_CONVERSION = YES;
				GCC_WARN_ABOUT_RETURN_TYPE = YES_ERROR;
				GCC_WARN_UNDECLARED_SELECTOR = YES;
				GCC_WARN_UNINITIALIZED_AUTOS = YES_AGGRESSIVE;
				GCC_WARN_UNUSED_FUNCTION = YES;
				GCC_WARN_UNUSED_VARIABLE = YES;
				IPHONEOS_DEPLOYMENT_TARGET = 13.2;
				MTL_ENABLE_DEBUG_INFO = NO;
				MTL_FAST_MATH = YES;
				SDKROOT = iphoneos;
				SWIFT_COMPILATION_MODE = wholemodule;
				SWIFT_OPTIMIZATION_LEVEL = "-O";
				VALIDATE_PRODUCT = YES;
			};
			name = Release;
		};
		CD87B60223F5C0DB0014DD5B /* Debug */ = {
			isa = XCBuildConfiguration;
			baseConfigurationReference = 3569D13F8D6DCB91BB57F867 /* Pods-TinkoffChat.debug.xcconfig */;
			buildSettings = {
				ASSETCATALOG_COMPILER_APPICON_NAME = AppIcon;
				CODE_SIGN_STYLE = Automatic;
				DEVELOPMENT_TEAM = 78K2W946R3;
				INFOPLIST_FILE = TinkoffChat/Info.plist;
				IPHONEOS_DEPLOYMENT_TARGET = 11.0;
				LD_RUNPATH_SEARCH_PATHS = (
					"$(inherited)",
					"@executable_path/Frameworks",
				);
				PRODUCT_BUNDLE_IDENTIFIER = ru.tinkoff.messenger;
				PRODUCT_NAME = "$(TARGET_NAME)";
				SWIFT_VERSION = 5.0;
				TARGETED_DEVICE_FAMILY = 1;
			};
			name = Debug;
		};
		CD87B60323F5C0DB0014DD5B /* Release */ = {
			isa = XCBuildConfiguration;
			baseConfigurationReference = D73B0B6EDFD954464465B911 /* Pods-TinkoffChat.release.xcconfig */;
			buildSettings = {
				ASSETCATALOG_COMPILER_APPICON_NAME = AppIcon;
				CODE_SIGN_STYLE = Automatic;
				DEVELOPMENT_TEAM = 78K2W946R3;
				INFOPLIST_FILE = TinkoffChat/Info.plist;
				IPHONEOS_DEPLOYMENT_TARGET = 11.0;
				LD_RUNPATH_SEARCH_PATHS = (
					"$(inherited)",
					"@executable_path/Frameworks",
				);
				PRODUCT_BUNDLE_IDENTIFIER = ru.tinkoff.messenger;
				PRODUCT_NAME = "$(TARGET_NAME)";
				SWIFT_VERSION = 5.0;
				TARGETED_DEVICE_FAMILY = 1;
			};
			name = Release;
		};
		CD87B60523F5C0DB0014DD5B /* Debug */ = {
			isa = XCBuildConfiguration;
			baseConfigurationReference = 8B462B6A19A885C2908D56A0 /* Pods-TinkoffChatTests.debug.xcconfig */;
			buildSettings = {
				ALWAYS_EMBED_SWIFT_STANDARD_LIBRARIES = YES;
				BUNDLE_LOADER = "$(TEST_HOST)";
				CODE_SIGN_STYLE = Automatic;
				DEVELOPMENT_TEAM = 78K2W946R3;
				INFOPLIST_FILE = TinkoffChatTests/Info.plist;
				IPHONEOS_DEPLOYMENT_TARGET = 13.2;
				LD_RUNPATH_SEARCH_PATHS = (
					"$(inherited)",
					"@executable_path/Frameworks",
					"@loader_path/Frameworks",
				);
				PRODUCT_BUNDLE_IDENTIFIER = ellachursina.TinkoffChatTests;
				PRODUCT_NAME = "$(TARGET_NAME)";
				SWIFT_VERSION = 5.0;
				TARGETED_DEVICE_FAMILY = "1,2";
				TEST_HOST = "$(BUILT_PRODUCTS_DIR)/TinkoffChat.app/TinkoffChat";
			};
			name = Debug;
		};
		CD87B60623F5C0DB0014DD5B /* Release */ = {
			isa = XCBuildConfiguration;
			baseConfigurationReference = DAFB9322580DC751F8297195 /* Pods-TinkoffChatTests.release.xcconfig */;
			buildSettings = {
				ALWAYS_EMBED_SWIFT_STANDARD_LIBRARIES = YES;
				BUNDLE_LOADER = "$(TEST_HOST)";
				CODE_SIGN_STYLE = Automatic;
				DEVELOPMENT_TEAM = 78K2W946R3;
				INFOPLIST_FILE = TinkoffChatTests/Info.plist;
				IPHONEOS_DEPLOYMENT_TARGET = 13.2;
				LD_RUNPATH_SEARCH_PATHS = (
					"$(inherited)",
					"@executable_path/Frameworks",
					"@loader_path/Frameworks",
				);
				PRODUCT_BUNDLE_IDENTIFIER = ellachursina.TinkoffChatTests;
				PRODUCT_NAME = "$(TARGET_NAME)";
				SWIFT_VERSION = 5.0;
				TARGETED_DEVICE_FAMILY = "1,2";
				TEST_HOST = "$(BUILT_PRODUCTS_DIR)/TinkoffChat.app/TinkoffChat";
			};
			name = Release;
		};
/* End XCBuildConfiguration section */

/* Begin XCConfigurationList section */
		CD87B5DA23F5C0D70014DD5B /* Build configuration list for PBXProject "TinkoffChat" */ = {
			isa = XCConfigurationList;
			buildConfigurations = (
				CD87B5FF23F5C0DB0014DD5B /* Debug */,
				CD87B60023F5C0DB0014DD5B /* Release */,
			);
			defaultConfigurationIsVisible = 0;
			defaultConfigurationName = Release;
		};
		CD87B60123F5C0DB0014DD5B /* Build configuration list for PBXNativeTarget "TinkoffChat" */ = {
			isa = XCConfigurationList;
			buildConfigurations = (
				CD87B60223F5C0DB0014DD5B /* Debug */,
				CD87B60323F5C0DB0014DD5B /* Release */,
			);
			defaultConfigurationIsVisible = 0;
			defaultConfigurationName = Release;
		};
		CD87B60423F5C0DB0014DD5B /* Build configuration list for PBXNativeTarget "TinkoffChatTests" */ = {
			isa = XCConfigurationList;
			buildConfigurations = (
				CD87B60523F5C0DB0014DD5B /* Debug */,
				CD87B60623F5C0DB0014DD5B /* Release */,
			);
			defaultConfigurationIsVisible = 0;
			defaultConfigurationName = Release;
		};
/* End XCConfigurationList section */

/* Begin XCVersionGroup section */
		CD87B5EB23F5C0D80014DD5B /* TinkoffChat.xcdatamodeld */ = {
			isa = XCVersionGroup;
			children = (
				CD87B5EC23F5C0D80014DD5B /* TinkoffChat.xcdatamodel */,
			);
			currentVersion = CD87B5EC23F5C0D80014DD5B /* TinkoffChat.xcdatamodel */;
			path = TinkoffChat.xcdatamodeld;
			sourceTree = "<group>";
			versionGroupType = wrapper.xcdatamodel;
		};
/* End XCVersionGroup section */
	};
	rootObject = CD87B5D723F5C0D70014DD5B /* Project object */;
}
